
Microsoft Visual Studio Solution File, Format Version 12.00
# Visual Studio Version 16
VisualStudioVersion = 16.0.30523.141
MinimumVisualStudioVersion = 10.0.40219.1
Project("{9A19103F-16F7-4668-BE54-9A1E7A4F7556}") = "Shop", "Shop\Shop.csproj", "{D583AAD0-8932-4A61-9E11-CB1CF5C2642D}"
EndProject
Project("{9A19103F-16F7-4668-BE54-9A1E7A4F7556}") = "ShopAdminWeb", "ShopAdminWeb\ShopAdminWeb.csproj", "{3303705F-126E-49E5-82E2-C85B6F130178}"
EndProject
Project("{9A19103F-16F7-4668-BE54-9A1E7A4F7556}") = "NUnit.Coverlet.MSBuild", "NUnit.Coverlet.MSBuild\NUnit.Coverlet.MSBuild.csproj", "{4BCE1999-008D-4733-B344-588D0D6D39BE}"
EndProject
Project("{FAE04EC0-301F-11D3-BF4B-00C04F79EFBC}") = "NUnit.Coverlet.Collector", "NUnit.Coverlet.Collector\NUnit.Coverlet.Collector.csproj", "{83BF8D28-374D-485C-BD7B-0597478D3022}"
EndProject
Global
	GlobalSection(SolutionConfigurationPlatforms) = preSolution
		Debug|Any CPU = Debug|Any CPU
		Release|Any CPU = Release|Any CPU
	EndGlobalSection
	GlobalSection(ProjectConfigurationPlatforms) = postSolution
		{D583AAD0-8932-4A61-9E11-CB1CF5C2642D}.Debug|Any CPU.ActiveCfg = Debug|Any CPU
		{D583AAD0-8932-4A61-9E11-CB1CF5C2642D}.Debug|Any CPU.Build.0 = Debug|Any CPU
		{D583AAD0-8932-4A61-9E11-CB1CF5C2642D}.Release|Any CPU.ActiveCfg = Release|Any CPU
		{D583AAD0-8932-4A61-9E11-CB1CF5C2642D}.Release|Any CPU.Build.0 = Release|Any CPU
		{3303705F-126E-49E5-82E2-C85B6F130178}.Debug|Any CPU.ActiveCfg = Debug|Any CPU
		{3303705F-126E-49E5-82E2-C85B6F130178}.Debug|Any CPU.Build.0 = Debug|Any CPU
		{3303705F-126E-49E5-82E2-C85B6F130178}.Release|Any CPU.ActiveCfg = Release|Any CPU
		{3303705F-126E-49E5-82E2-C85B6F130178}.Release|Any CPU.Build.0 = Release|Any CPU
		{4BCE1999-008D-4733-B344-588D0D6D39BE}.Debug|Any CPU.ActiveCfg = Debug|Any CPU
		{4BCE1999-008D-4733-B344-588D0D6D39BE}.Debug|Any CPU.Build.0 = Debug|Any CPU
		{4BCE1999-008D-4733-B344-588D0D6D39BE}.Release|Any CPU.ActiveCfg = Release|Any CPU
		{4BCE1999-008D-4733-B344-588D0D6D39BE}.Release|Any CPU.Build.0 = Release|Any CPU
		{83BF8D28-374D-485C-BD7B-0597478D3022}.Debug|Any CPU.ActiveCfg = Debug|Any CPU
		{83BF8D28-374D-485C-BD7B-0597478D3022}.Debug|Any CPU.Build.0 = Debug|Any CPU
		{83BF8D28-374D-485C-BD7B-0597478D3022}.Release|Any CPU.ActiveCfg = Release|Any CPU
		{83BF8D28-374D-485C-BD7B-0597478D3022}.Release|Any CPU.Build.0 = Release|Any CPU
	EndGlobalSection
	GlobalSection(SolutionProperties) = preSolution
		HideSolutionNode = FALSE
	EndGlobalSection
	GlobalSection(ExtensibilityGlobals) = postSolution
		SolutionGuid = {C69A8252-F3DC-47A3-B2AF-93B4DA279033}
	EndGlobalSection
EndGlobal
